
Microsoft Visual Studio Solution File, Format Version 12.00
# Visual Studio Version 17
VisualStudioVersion = 17.4.33205.214
MinimumVisualStudioVersion = 10.0.40219.1
Project("{9A19103F-16F7-4668-BE54-9A1E7A4F7556}") = "HadasimCovid.WebApi", "HadasimCovid.WebApi\HadasimCovid.WebApi.csproj", "{276A1104-3E4A-4D77-B848-23C87D793CED}"
EndProject
Project("{FAE04EC0-301F-11D3-BF4B-00C04F79EFBC}") = "HadasimCovid.Repository", "HadasimCovid.Repository\HadasimCovid.Repository.csproj", "{5A2E0ACA-0336-4414-9522-FB8809A89100}"
EndProject
Project("{FAE04EC0-301F-11D3-BF4B-00C04F79EFBC}") = "HadasimCovid.Service", "HadasimCovid.Service\HadasimCovid.Service.csproj", "{5E4E1AE3-022A-4A87-98D8-9B1512FB351F}"
EndProject
Global
	GlobalSection(SolutionConfigurationPlatforms) = preSolution
		Debug|Any CPU = Debug|Any CPU
		Release|Any CPU = Release|Any CPU
	EndGlobalSection
	GlobalSection(ProjectConfigurationPlatforms) = postSolution
		{276A1104-3E4A-4D77-B848-23C87D793CED}.Debug|Any CPU.ActiveCfg = Debug|Any CPU
		{276A1104-3E4A-4D77-B848-23C87D793CED}.Debug|Any CPU.Build.0 = Debug|Any CPU
		{276A1104-3E4A-4D77-B848-23C87D793CED}.Release|Any CPU.ActiveCfg = Release|Any CPU
		{276A1104-3E4A-4D77-B848-23C87D793CED}.Release|Any CPU.Build.0 = Release|Any CPU
		{5A2E0ACA-0336-4414-9522-FB8809A89100}.Debug|Any CPU.ActiveCfg = Debug|Any CPU
		{5A2E0ACA-0336-4414-9522-FB8809A89100}.Debug|Any CPU.Build.0 = Debug|Any CPU
		{5A2E0ACA-0336-4414-9522-FB8809A89100}.Release|Any CPU.ActiveCfg = Release|Any CPU
		{5A2E0ACA-0336-4414-9522-FB8809A89100}.Release|Any CPU.Build.0 = Release|Any CPU
		{5E4E1AE3-022A-4A87-98D8-9B1512FB351F}.Debug|Any CPU.ActiveCfg = Debug|Any CPU
		{5E4E1AE3-022A-4A87-98D8-9B1512FB351F}.Debug|Any CPU.Build.0 = Debug|Any CPU
		{5E4E1AE3-022A-4A87-98D8-9B1512FB351F}.Release|Any CPU.ActiveCfg = Release|Any CPU
		{5E4E1AE3-022A-4A87-98D8-9B1512FB351F}.Release|Any CPU.Build.0 = Release|Any CPU
	EndGlobalSection
	GlobalSection(SolutionProperties) = preSolution
		HideSolutionNode = FALSE
	EndGlobalSection
	GlobalSection(ExtensibilityGlobals) = postSolution
		SolutionGuid = {CBC241C6-82A7-4F79-8A5C-EE3437799D43}
	EndGlobalSection
EndGlobal
